
Microsoft Visual Studio Solution File, Format Version 12.00
# Visual Studio Version 17
VisualStudioVersion = 17.5.33424.131
MinimumVisualStudioVersion = 10.0.40219.1
Project("{FAE04EC0-301F-11D3-BF4B-00C04F79EFBC}") = "ShadowingHidingOverridingPrac", "ShadowingHidingOverridingPrac\ShadowingHidingOverridingPrac.csproj", "{CA8D478E-E718-4117-A41B-7EA8AD2D625E}"
EndProject
Global
	GlobalSection(SolutionConfigurationPlatforms) = preSolution
		Debug|Any CPU = Debug|Any CPU
		Release|Any CPU = Release|Any CPU
	EndGlobalSection
	GlobalSection(ProjectConfigurationPlatforms) = postSolution
		{CA8D478E-E718-4117-A41B-7EA8AD2D625E}.Debug|Any CPU.ActiveCfg = Debug|Any CPU
		{CA8D478E-E718-4117-A41B-7EA8AD2D625E}.Debug|Any CPU.Build.0 = Debug|Any CPU
		{CA8D478E-E718-4117-A41B-7EA8AD2D625E}.Release|Any CPU.ActiveCfg = Release|Any CPU
		{CA8D478E-E718-4117-A41B-7EA8AD2D625E}.Release|Any CPU.Build.0 = Release|Any CPU
	EndGlobalSection
	GlobalSection(SolutionProperties) = preSolution
		HideSolutionNode = FALSE
	EndGlobalSection
	GlobalSection(ExtensibilityGlobals) = postSolution
		SolutionGuid = {428DDD5D-EDD4-437A-A010-07049D68AB62}
	EndGlobalSection
EndGlobal
